// !$*UTF8*$!
{
	archiveVersion = 1;
	classes = {
	};
	objectVersion = 46;
	objects = {

/* Begin PBXBuildFile section */
		313E4C541616A13700FA42EC /* SenTestingKit.framework in Frameworks */ = {isa = PBXBuildFile; fileRef = 313E4C531616A13700FA42EC /* SenTestingKit.framework */; };
		313E4C551616A13700FA42EC /* Cocoa.framework in Frameworks */ = {isa = PBXBuildFile; fileRef = 313E4C351616A13600FA42EC /* Cocoa.framework */; };
		313E4C5D1616A13700FA42EC /* InfoPlist.strings in Resources */ = {isa = PBXBuildFile; fileRef = 313E4C5B1616A13700FA42EC /* InfoPlist.strings */; };
		313E4C601616A13700FA42EC /* QLDataURLTests.m in Sources */ = {isa = PBXBuildFile; fileRef = 313E4C5F1616A13700FA42EC /* QLDataURLTests.m */; };
		313E4C741617584700FA42EC /* NSData+PRHDataURL.m in Sources */ = {isa = PBXBuildFile; fileRef = 313E4C721617584700FA42EC /* NSData+PRHDataURL.m */; };
		313E4C7616175D2000FA42EC /* Security.framework in Frameworks */ = {isa = PBXBuildFile; fileRef = 313E4C7516175D2000FA42EC /* Security.framework */; };
/* End PBXBuildFile section */

/* Begin PBXFileReference section */
		313E4C351616A13600FA42EC /* Cocoa.framework */ = {isa = PBXFileReference; lastKnownFileType = wrapper.framework; name = Cocoa.framework; path = System/Library/Frameworks/Cocoa.framework; sourceTree = SDKROOT; };
		313E4C381616A13600FA42EC /* AppKit.framework */ = {isa = PBXFileReference; lastKnownFileType = wrapper.framework; name = AppKit.framework; path = System/Library/Frameworks/AppKit.framework; sourceTree = SDKROOT; };
		313E4C391616A13600FA42EC /* CoreData.framework */ = {isa = PBXFileReference; lastKnownFileType = wrapper.framework; name = CoreData.framework; path = System/Library/Frameworks/CoreData.framework; sourceTree = SDKROOT; };
		313E4C3A1616A13600FA42EC /* Foundation.framework */ = {isa = PBXFileReference; lastKnownFileType = wrapper.framework; name = Foundation.framework; path = System/Library/Frameworks/Foundation.framework; sourceTree = SDKROOT; };
		313E4C431616A13600FA42EC /* QLDataURL-Prefix.pch */ = {isa = PBXFileReference; lastKnownFileType = sourcecode.c.h; path = "QLDataURL-Prefix.pch"; sourceTree = "<group>"; };
		313E4C521616A13700FA42EC /* QLDataURLTests.octest */ = {isa = PBXFileReference; explicitFileType = wrapper.cfbundle; includeInIndex = 0; path = QLDataURLTests.octest; sourceTree = BUILT_PRODUCTS_DIR; };
		313E4C531616A13700FA42EC /* SenTestingKit.framework */ = {isa = PBXFileReference; lastKnownFileType = wrapper.framework; name = SenTestingKit.framework; path = Library/Frameworks/SenTestingKit.framework; sourceTree = DEVELOPER_DIR; };
		313E4C5A1616A13700FA42EC /* QLDataURLTests-Info.plist */ = {isa = PBXFileReference; lastKnownFileType = text.plist.xml; path = "QLDataURLTests-Info.plist"; sourceTree = "<group>"; };
		313E4C5C1616A13700FA42EC /* en */ = {isa = PBXFileReference; lastKnownFileType = text.plist.strings; name = en; path = en.lproj/InfoPlist.strings; sourceTree = "<group>"; };
		313E4C5E1616A13700FA42EC /* QLDataURLTests.h */ = {isa = PBXFileReference; lastKnownFileType = sourcecode.c.h; path = QLDataURLTests.h; sourceTree = "<group>"; };
		313E4C5F1616A13700FA42EC /* QLDataURLTests.m */ = {isa = PBXFileReference; lastKnownFileType = sourcecode.c.objc; path = QLDataURLTests.m; sourceTree = "<group>"; };
		313E4C711617584700FA42EC /* NSData+PRHDataURL.h */ = {isa = PBXFileReference; fileEncoding = 4; lastKnownFileType = sourcecode.c.h; path = "NSData+PRHDataURL.h"; sourceTree = "<group>"; };
		313E4C721617584700FA42EC /* NSData+PRHDataURL.m */ = {isa = PBXFileReference; fileEncoding = 4; lastKnownFileType = sourcecode.c.objc; path = "NSData+PRHDataURL.m"; sourceTree = "<group>"; };
		313E4C7516175D2000FA42EC /* Security.framework */ = {isa = PBXFileReference; lastKnownFileType = wrapper.framework; name = Security.framework; path = System/Library/Frameworks/Security.framework; sourceTree = SDKROOT; };
		313E4C7816175F3A00FA42EC /* QuickLook.framework */ = {isa = PBXFileReference; lastKnownFileType = wrapper.framework; name = QuickLook.framework; path = System/Library/Frameworks/QuickLook.framework; sourceTree = SDKROOT; };
		313E4C7A1617840500FA42EC /* Quartz.framework */ = {isa = PBXFileReference; lastKnownFileType = wrapper.framework; name = Quartz.framework; path = System/Library/Frameworks/Quartz.framework; sourceTree = SDKROOT; };
		313E4C7C1617873400FA42EC /* Warnings.xcconfig */ = {isa = PBXFileReference; fileEncoding = 4; lastKnownFileType = text.xcconfig; name = Warnings.xcconfig; path = Warnings/Warnings.xcconfig; sourceTree = SOURCE_ROOT; };
/* End PBXFileReference section */

/* Begin PBXFrameworksBuildPhase section */
		313E4C4E1616A13700FA42EC /* Frameworks */ = {
			isa = PBXFrameworksBuildPhase;
			buildActionMask = 2147483647;
			files = (
				313E4C7616175D2000FA42EC /* Security.framework in Frameworks */,
				313E4C541616A13700FA42EC /* SenTestingKit.framework in Frameworks */,
				313E4C551616A13700FA42EC /* Cocoa.framework in Frameworks */,
			);
			runOnlyForDeploymentPostprocessing = 0;
		};
/* End PBXFrameworksBuildPhase section */

/* Begin PBXGroup section */
		313E4C261616A13600FA42EC = {
			isa = PBXGroup;
			children = (
				313E4C3B1616A13600FA42EC /* QLDataURL */,
				313E4C581616A13700FA42EC /* QLDataURLTests */,
				313E4C341616A13600FA42EC /* Frameworks */,
				313E4C321616A13600FA42EC /* Products */,
			);
			sourceTree = "<group>";
		};
		313E4C321616A13600FA42EC /* Products */ = {
			isa = PBXGroup;
			children = (
				313E4C521616A13700FA42EC /* QLDataURLTests.octest */,
			);
			name = Products;
			sourceTree = "<group>";
		};
		313E4C341616A13600FA42EC /* Frameworks */ = {
			isa = PBXGroup;
			children = (
				313E4C351616A13600FA42EC /* Cocoa.framework */,
				313E4C531616A13700FA42EC /* SenTestingKit.framework */,
				313E4C7516175D2000FA42EC /* Security.framework */,
				313E4C7816175F3A00FA42EC /* QuickLook.framework */,
				313E4C7A1617840500FA42EC /* Quartz.framework */,
				313E4C371616A13600FA42EC /* Other Frameworks */,
			);
			name = Frameworks;
			sourceTree = "<group>";
		};
		313E4C371616A13600FA42EC /* Other Frameworks */ = {
			isa = PBXGroup;
			children = (
				313E4C381616A13600FA42EC /* AppKit.framework */,
				313E4C391616A13600FA42EC /* CoreData.framework */,
				313E4C3A1616A13600FA42EC /* Foundation.framework */,
			);
			name = "Other Frameworks";
			sourceTree = "<group>";
		};
		313E4C3B1616A13600FA42EC /* QLDataURL */ = {
			isa = PBXGroup;
			children = (
				313E4C711617584700FA42EC /* NSData+PRHDataURL.h */,
				313E4C721617584700FA42EC /* NSData+PRHDataURL.m */,
				313E4C3C1616A13600FA42EC /* Supporting Files */,
			);
			path = QLDataURL;
			sourceTree = "<group>";
		};
		313E4C3C1616A13600FA42EC /* Supporting Files */ = {
			isa = PBXGroup;
			children = (
				313E4C7C1617873400FA42EC /* Warnings.xcconfig */,
				313E4C431616A13600FA42EC /* QLDataURL-Prefix.pch */,
			);
			name = "Supporting Files";
			sourceTree = "<group>";
		};
		313E4C581616A13700FA42EC /* QLDataURLTests */ = {
			isa = PBXGroup;
			children = (
				313E4C5E1616A13700FA42EC /* QLDataURLTests.h */,
				313E4C5F1616A13700FA42EC /* QLDataURLTests.m */,
				313E4C591616A13700FA42EC /* Supporting Files */,
			);
			path = QLDataURLTests;
			sourceTree = "<group>";
		};
		313E4C591616A13700FA42EC /* Supporting Files */ = {
			isa = PBXGroup;
			children = (
				313E4C5A1616A13700FA42EC /* QLDataURLTests-Info.plist */,
				313E4C5B1616A13700FA42EC /* InfoPlist.strings */,
			);
			name = "Supporting Files";
			sourceTree = "<group>";
		};
/* End PBXGroup section */

/* Begin PBXNativeTarget section */
		313E4C511616A13700FA42EC /* QLDataURLTests */ = {
			isa = PBXNativeTarget;
			buildConfigurationList = 313E4C661616A13700FA42EC /* Build configuration list for PBXNativeTarget "QLDataURLTests" */;
			buildPhases = (
				313E4C4D1616A13700FA42EC /* Sources */,
				313E4C4E1616A13700FA42EC /* Frameworks */,
				313E4C4F1616A13700FA42EC /* Resources */,
				313E4C501616A13700FA42EC /* ShellScript */,
			);
			buildRules = (
			);
			dependencies = (
			);
			name = QLDataURLTests;
			productName = QLDataURLTests;
			productReference = 313E4C521616A13700FA42EC /* QLDataURLTests.octest */;
			productType = "com.apple.product-type.bundle";
		};
/* End PBXNativeTarget section */

/* Begin PBXProject section */
		313E4C281616A13600FA42EC /* Project object */ = {
			isa = PBXProject;
			attributes = {
				CLASSPREFIX = PRH;
				LastUpgradeCheck = 0450;
				ORGANIZATIONNAME = "Peter Hosey";
			};
			buildConfigurationList = 313E4C2B1616A13600FA42EC /* Build configuration list for PBXProject "QLDataURL" */;
			compatibilityVersion = "Xcode 3.2";
			developmentRegion = English;
			hasScannedForEncodings = 0;
			knownRegions = (
				en,
			);
			mainGroup = 313E4C261616A13600FA42EC;
			productRefGroup = 313E4C321616A13600FA42EC /* Products */;
			projectDirPath = "";
			projectRoot = "";
			targets = (
				313E4C511616A13700FA42EC /* QLDataURLTests */,
			);
		};
/* End PBXProject section */

/* Begin PBXResourcesBuildPhase section */
		313E4C4F1616A13700FA42EC /* Resources */ = {
			isa = PBXResourcesBuildPhase;
			buildActionMask = 2147483647;
			files = (
				313E4C5D1616A13700FA42EC /* InfoPlist.strings in Resources */,
			);
			runOnlyForDeploymentPostprocessing = 0;
		};
/* End PBXResourcesBuildPhase section */

/* Begin PBXShellScriptBuildPhase section */
		313E4C501616A13700FA42EC /* ShellScript */ = {
			isa = PBXShellScriptBuildPhase;
			buildActionMask = 2147483647;
			files = (
			);
			inputPaths = (
			);
			outputPaths = (
			);
			runOnlyForDeploymentPostprocessing = 0;
			shellPath = /bin/sh;
			shellScript = "# Run the unit tests in this test bundle.\n\"${SYSTEM_DEVELOPER_DIR}/Tools/RunUnitTests\"\n";
		};
/* End PBXShellScriptBuildPhase section */

/* Begin PBXSourcesBuildPhase section */
		313E4C4D1616A13700FA42EC /* Sources */ = {
			isa = PBXSourcesBuildPhase;
			buildActionMask = 2147483647;
			files = (
				313E4C601616A13700FA42EC /* QLDataURLTests.m in Sources */,
				313E4C741617584700FA42EC /* NSData+PRHDataURL.m in Sources */,
			);
			runOnlyForDeploymentPostprocessing = 0;
		};
/* End PBXSourcesBuildPhase section */

/* Begin PBXVariantGroup section */
		313E4C5B1616A13700FA42EC /* InfoPlist.strings */ = {
			isa = PBXVariantGroup;
			children = (
				313E4C5C1616A13700FA42EC /* en */,
			);
			name = InfoPlist.strings;
			sourceTree = "<group>";
		};
/* End PBXVariantGroup section */

/* Begin XCBuildConfiguration section */
		313E4C611616A13700FA42EC /* Debug */ = {
			isa = XCBuildConfiguration;
			baseConfigurationReference = 313E4C7C1617873400FA42EC /* Warnings.xcconfig */;
			buildSettings = {
				ALWAYS_SEARCH_USER_PATHS = NO;
				ARCHS = "$(ARCHS_STANDARD_64_BIT)";
				CLANG_CXX_LANGUAGE_STANDARD = "gnu++0x";
				CLANG_CXX_LIBRARY = "libc++";
				CLANG_ENABLE_OBJC_ARC = YES;
				CLANG_WARN_EMPTY_BODY = YES;
				CLANG_WARN__DUPLICATE_METHOD_MATCH = YES;
				COPY_PHASE_STRIP = NO;
				GCC_C_LANGUAGE_STANDARD = gnu99;
				GCC_DYNAMIC_NO_PIC = NO;
				GCC_ENABLE_OBJC_EXCEPTIONS = YES;
				GCC_OPTIMIZATION_LEVEL = 0;
				GCC_PREPROCESSOR_DEFINITIONS = (
					"DEBUG=1",
					"$(inherited)",
				);
				GCC_SYMBOLS_PRIVATE_EXTERN = NO;
				GCC_WARN_64_TO_32_BIT_CONVERSION = YES;
				GCC_WARN_ABOUT_RETURN_TYPE = YES;
				GCC_WARN_UNINITIALIZED_AUTOS = YES;
				GCC_WARN_UNUSED_VARIABLE = YES;
				MACOSX_DEPLOYMENT_TARGET = 10.8;
				ONLY_ACTIVE_ARCH = YES;
				SDKROOT = macosx;
			};
			name = Debug;
		};
		313E4C621616A13700FA42EC /* Release */ = {
			isa = XCBuildConfiguration;
			baseConfigurationReference = 313E4C7C1617873400FA42EC /* Warnings.xcconfig */;
			buildSettings = {
				ALWAYS_SEARCH_USER_PATHS = NO;
				ARCHS = "$(ARCHS_STANDARD_64_BIT)";
				CLANG_CXX_LANGUAGE_STANDARD = "gnu++0x";
				CLANG_CXX_LIBRARY = "libc++";
				CLANG_ENABLE_OBJC_ARC = YES;
				CLANG_WARN_EMPTY_BODY = YES;
				CLANG_WARN__DUPLICATE_METHOD_MATCH = YES;
				COPY_PHASE_STRIP = YES;
				DEBUG_INFORMATION_FORMAT = "dwarf-with-dsym";
				GCC_C_LANGUAGE_STANDARD = gnu99;
				GCC_ENABLE_OBJC_EXCEPTIONS = YES;
				GCC_WARN_64_TO_32_BIT_CONVERSION = YES;
				GCC_WARN_ABOUT_RETURN_TYPE = YES;
				GCC_WARN_UNINITIALIZED_AUTOS = YES;
				GCC_WARN_UNUSED_VARIABLE = YES;
				MACOSX_DEPLOYMENT_TARGET = 10.8;
				SDKROOT = macosx;
			};
			name = Release;
		};
		313E4C671616A13700FA42EC /* Debug */ = {
			isa = XCBuildConfiguration;
			buildSettings = {
				BUNDLE_LOADER = "$(BUILT_PRODUCTS_DIR)/QLDataURL.app/Contents/MacOS/QLDataURL";
				COMBINE_HIDPI_IMAGES = YES;
				FRAMEWORK_SEARCH_PATHS = "\"$(DEVELOPER_LIBRARY_DIR)/Frameworks\"";
				GCC_PRECOMPILE_PREFIX_HEADER = YES;
				GCC_PREFIX_HEADER = "QLDataURL/QLDataURL-Prefix.pch";
				INFOPLIST_FILE = "QLDataURLTests/QLDataURLTests-Info.plist";
				PRODUCT_NAME = "$(TARGET_NAME)";
				TEST_HOST = "$(BUNDLE_LOADER)";
				WRAPPER_EXTENSION = octest;
			};
			name = Debug;
		};
		313E4C681616A13700FA42EC /* Release */ = {
			isa = XCBuildConfiguration;
			buildSettings = {
				BUNDLE_LOADER = "$(BUILT_PRODUCTS_DIR)/QLDataURL.app/Contents/MacOS/QLDataURL";
				COMBINE_HIDPI_IMAGES = YES;
				FRAMEWORK_SEARCH_PATHS = "\"$(DEVELOPER_LIBRARY_DIR)/Frameworks\"";
				GCC_PRECOMPILE_PREFIX_HEADER = YES;
				GCC_PREFIX_HEADER = "QLDataURL/QLDataURL-Prefix.pch";
				INFOPLIST_FILE = "QLDataURLTests/QLDataURLTests-Info.plist";
				PRODUCT_NAME = "$(TARGET_NAME)";
				TEST_HOST = "$(BUNDLE_LOADER)";
				WRAPPER_EXTENSION = octest;
			};
			name = Release;
		};
/* End XCBuildConfiguration section */

/* Begin XCConfigurationList section */
		313E4C2B1616A13600FA42EC /* Build configuration list for PBXProject "QLDataURL" */ = {
			isa = XCConfigurationList;
			buildConfigurations = (
				313E4C611616A13700FA42EC /* Debug */,
				313E4C621616A13700FA42EC /* Release */,
			);
			defaultConfigurationIsVisible = 0;
			defaultConfigurationName = Release;
		};
		313E4C661616A13700FA42EC /* Build configuration list for PBXNativeTarget "QLDataURLTests" */ = {
			isa = XCConfigurationList;
			buildConfigurations = (
				313E4C671616A13700FA42EC /* Debug */,
				313E4C681616A13700FA42EC /* Release */,
			);
			defaultConfigurationIsVisible = 0;
			defaultConfigurationName = Release;
		};
/* End XCConfigurationList section */
	};
	rootObject = 313E4C281616A13600FA42EC /* Project object */;
}
